// !$*UTF8*$!
{
	archiveVersion = 1;
	classes = {
	};
	objectVersion = 50;
	objects = {

/* Begin PBXBuildFile section */
		2235C250237F5A590008C67B /* AppDelegate.swift in Sources */ = {isa = PBXBuildFile; fileRef = 2235C24F237F5A590008C67B /* AppDelegate.swift */; };
		2235C252237F5A590008C67B /* SceneDelegate.swift in Sources */ = {isa = PBXBuildFile; fileRef = 2235C251237F5A590008C67B /* SceneDelegate.swift */; };
		2235C257237F5A590008C67B /* Main.storyboard in Resources */ = {isa = PBXBuildFile; fileRef = 2235C255237F5A590008C67B /* Main.storyboard */; };
		2235C25A237F5A590008C67B /* GoodWeather_MVVM.xcdatamodeld in Sources */ = {isa = PBXBuildFile; fileRef = 2235C258237F5A590008C67B /* GoodWeather_MVVM.xcdatamodeld */; };
		2235C25C237F5A5F0008C67B /* Assets.xcassets in Resources */ = {isa = PBXBuildFile; fileRef = 2235C25B237F5A5F0008C67B /* Assets.xcassets */; };
		2235C25F237F5A5F0008C67B /* LaunchScreen.storyboard in Resources */ = {isa = PBXBuildFile; fileRef = 2235C25D237F5A5F0008C67B /* LaunchScreen.storyboard */; };
		2235C268237F5D120008C67B /* WeatherListTableViewController.swift in Sources */ = {isa = PBXBuildFile; fileRef = 2235C267237F5D120008C67B /* WeatherListTableViewController.swift */; };
		2235C26A237F5D220008C67B /* AddCityViewController.swift in Sources */ = {isa = PBXBuildFile; fileRef = 2235C269237F5D220008C67B /* AddCityViewController.swift */; };
		2235C26D237F66490008C67B /* WeatherListTableCell.swift in Sources */ = {isa = PBXBuildFile; fileRef = 2235C26C237F66490008C67B /* WeatherListTableCell.swift */; };
		22452EF823872DD800BD1BC5 /* 740-gear-toolbar@2x.png in Resources */ = {isa = PBXBuildFile; fileRef = 22452EF523872DD800BD1BC5 /* 740-gear-toolbar@2x.png */; };
		22452EF923872DD800BD1BC5 /* 740-gear-toolbar@3x.png in Resources */ = {isa = PBXBuildFile; fileRef = 22452EF623872DD800BD1BC5 /* 740-gear-toolbar@3x.png */; };
		22452EFA23872DD800BD1BC5 /* 740-gear-toolbar.png in Resources */ = {isa = PBXBuildFile; fileRef = 22452EF723872DD800BD1BC5 /* 740-gear-toolbar.png */; };
		22452EFD23872F9C00BD1BC5 /* SettingTableViewController.swift in Sources */ = {isa = PBXBuildFile; fileRef = 22452EFC23872F9C00BD1BC5 /* SettingTableViewController.swift */; };
		22452EFF238731E000BD1BC5 /* SettingViewModel.swift in Sources */ = {isa = PBXBuildFile; fileRef = 22452EFE238731E000BD1BC5 /* SettingViewModel.swift */; };
		22853F862384DA31003E8205 /* ApiKey.swift in Sources */ = {isa = PBXBuildFile; fileRef = 22853F852384DA31003E8205 /* ApiKey.swift */; };
		22853F892384DC6E003E8205 /* WebServices.swift in Sources */ = {isa = PBXBuildFile; fileRef = 22853F882384DC6E003E8205 /* WebServices.swift */; };
		22853F8C23850C2A003E8205 /* WeatherListViewModel.swift in Sources */ = {isa = PBXBuildFile; fileRef = 22853F8B23850C2A003E8205 /* WeatherListViewModel.swift */; };
		22853F8E23850EDA003E8205 /* TemperatureViewModel.swift in Sources */ = {isa = PBXBuildFile; fileRef = 22853F8D23850EDA003E8205 /* TemperatureViewModel.swift */; };
		22853F9123851A9E003E8205 /* Double+Extension.swift in Sources */ = {isa = PBXBuildFile; fileRef = 22853F9023851A9E003E8205 /* Double+Extension.swift */; };
/* End PBXBuildFile section */

/* Begin PBXFileReference section */
		2235C24C237F5A590008C67B /* GoodWeather_MVVM.app */ = {isa = PBXFileReference; explicitFileType = wrapper.application; includeInIndex = 0; path = GoodWeather_MVVM.app; sourceTree = BUILT_PRODUCTS_DIR; };
		2235C24F237F5A590008C67B /* AppDelegate.swift */ = {isa = PBXFileReference; lastKnownFileType = sourcecode.swift; path = AppDelegate.swift; sourceTree = "<group>"; };
		2235C251237F5A590008C67B /* SceneDelegate.swift */ = {isa = PBXFileReference; lastKnownFileType = sourcecode.swift; path = SceneDelegate.swift; sourceTree = "<group>"; };
		2235C256237F5A590008C67B /* Base */ = {isa = PBXFileReference; lastKnownFileType = file.storyboard; name = Base; path = Base.lproj/Main.storyboard; sourceTree = "<group>"; };
		2235C259237F5A590008C67B /* GoodWeather_MVVM.xcdatamodel */ = {isa = PBXFileReference; lastKnownFileType = wrapper.xcdatamodel; path = GoodWeather_MVVM.xcdatamodel; sourceTree = "<group>"; };
		2235C25B237F5A5F0008C67B /* Assets.xcassets */ = {isa = PBXFileReference; lastKnownFileType = folder.assetcatalog; path = Assets.xcassets; sourceTree = "<group>"; };
		2235C25E237F5A5F0008C67B /* Base */ = {isa = PBXFileReference; lastKnownFileType = file.storyboard; name = Base; path = Base.lproj/LaunchScreen.storyboard; sourceTree = "<group>"; };
		2235C260237F5A5F0008C67B /* Info.plist */ = {isa = PBXFileReference; lastKnownFileType = text.plist.xml; path = Info.plist; sourceTree = "<group>"; };
		2235C267237F5D120008C67B /* WeatherListTableViewController.swift */ = {isa = PBXFileReference; lastKnownFileType = sourcecode.swift; path = WeatherListTableViewController.swift; sourceTree = "<group>"; };
		2235C269237F5D220008C67B /* AddCityViewController.swift */ = {isa = PBXFileReference; lastKnownFileType = sourcecode.swift; path = AddCityViewController.swift; sourceTree = "<group>"; };
		2235C26C237F66490008C67B /* WeatherListTableCell.swift */ = {isa = PBXFileReference; lastKnownFileType = sourcecode.swift; path = WeatherListTableCell.swift; sourceTree = "<group>"; };
		22452EF523872DD800BD1BC5 /* 740-gear-toolbar@2x.png */ = {isa = PBXFileReference; lastKnownFileType = image.png; path = "740-gear-toolbar@2x.png"; sourceTree = "<group>"; };
		22452EF623872DD800BD1BC5 /* 740-gear-toolbar@3x.png */ = {isa = PBXFileReference; lastKnownFileType = image.png; path = "740-gear-toolbar@3x.png"; sourceTree = "<group>"; };
		22452EF723872DD800BD1BC5 /* 740-gear-toolbar.png */ = {isa = PBXFileReference; lastKnownFileType = image.png; path = "740-gear-toolbar.png"; sourceTree = "<group>"; };
		22452EFC23872F9C00BD1BC5 /* SettingTableViewController.swift */ = {isa = PBXFileReference; lastKnownFileType = sourcecode.swift; path = SettingTableViewController.swift; sourceTree = "<group>"; };
		22452EFE238731E000BD1BC5 /* SettingViewModel.swift */ = {isa = PBXFileReference; lastKnownFileType = sourcecode.swift; path = SettingViewModel.swift; sourceTree = "<group>"; };
		22853F852384DA31003E8205 /* ApiKey.swift */ = {isa = PBXFileReference; lastKnownFileType = sourcecode.swift; path = ApiKey.swift; sourceTree = "<group>"; };
		22853F882384DC6E003E8205 /* WebServices.swift */ = {isa = PBXFileReference; lastKnownFileType = sourcecode.swift; path = WebServices.swift; sourceTree = "<group>"; };
		22853F8B23850C2A003E8205 /* WeatherListViewModel.swift */ = {isa = PBXFileReference; lastKnownFileType = sourcecode.swift; path = WeatherListViewModel.swift; sourceTree = "<group>"; };
		22853F8D23850EDA003E8205 /* TemperatureViewModel.swift */ = {isa = PBXFileReference; lastKnownFileType = sourcecode.swift; path = TemperatureViewModel.swift; sourceTree = "<group>"; };
		22853F9023851A9E003E8205 /* Double+Extension.swift */ = {isa = PBXFileReference; lastKnownFileType = sourcecode.swift; path = "Double+Extension.swift"; sourceTree = "<group>"; };
/* End PBXFileReference section */

/* Begin PBXFrameworksBuildPhase section */
		2235C249237F5A590008C67B /* Frameworks */ = {
			isa = PBXFrameworksBuildPhase;
			buildActionMask = 2147483647;
			files = (
			);
			runOnlyForDeploymentPostprocessing = 0;
		};
/* End PBXFrameworksBuildPhase section */

/* Begin PBXGroup section */
		2235C243237F5A590008C67B = {
			isa = PBXGroup;
			children = (
				2235C24E237F5A590008C67B /* GoodWeather_MVVM */,
				2235C24D237F5A590008C67B /* Products */,
			);
			sourceTree = "<group>";
		};
		2235C24D237F5A590008C67B /* Products */ = {
			isa = PBXGroup;
			children = (
				2235C24C237F5A590008C67B /* GoodWeather_MVVM.app */,
			);
			name = Products;
			sourceTree = "<group>";
		};
		2235C24E237F5A590008C67B /* GoodWeather_MVVM */ = {
			isa = PBXGroup;
			children = (
				22452EFB23872DF200BD1BC5 /* Resources */,
				22853F8F23851A84003E8205 /* Extensions */,
				22853F8A23850C16003E8205 /* ViewModels */,
				22853F872384DC5E003E8205 /* Services */,
				2235C26B237F66290008C67B /* CustomCells */,
				2235C266237F5CED0008C67B /* Controllers */,
				2235C24F237F5A590008C67B /* AppDelegate.swift */,
				2235C251237F5A590008C67B /* SceneDelegate.swift */,
				2235C255237F5A590008C67B /* Main.storyboard */,
				2235C25B237F5A5F0008C67B /* Assets.xcassets */,
				2235C25D237F5A5F0008C67B /* LaunchScreen.storyboard */,
				2235C260237F5A5F0008C67B /* Info.plist */,
				2235C258237F5A590008C67B /* GoodWeather_MVVM.xcdatamodeld */,
				22853F852384DA31003E8205 /* ApiKey.swift */,
			);
			path = GoodWeather_MVVM;
			sourceTree = "<group>";
		};
		2235C266237F5CED0008C67B /* Controllers */ = {
			isa = PBXGroup;
			children = (
				2235C267237F5D120008C67B /* WeatherListTableViewController.swift */,
				2235C269237F5D220008C67B /* AddCityViewController.swift */,
				22452EFC23872F9C00BD1BC5 /* SettingTableViewController.swift */,
			);
			path = Controllers;
			sourceTree = "<group>";
		};
		2235C26B237F66290008C67B /* CustomCells */ = {
			isa = PBXGroup;
			children = (
				2235C26C237F66490008C67B /* WeatherListTableCell.swift */,
			);
			path = CustomCells;
			sourceTree = "<group>";
		};
		22452EFB23872DF200BD1BC5 /* Resources */ = {
			isa = PBXGroup;
			children = (
				22452EF723872DD800BD1BC5 /* 740-gear-toolbar.png */,
				22452EF523872DD800BD1BC5 /* 740-gear-toolbar@2x.png */,
				22452EF623872DD800BD1BC5 /* 740-gear-toolbar@3x.png */,
			);
			path = Resources;
			sourceTree = "<group>";
		};
		22853F872384DC5E003E8205 /* Services */ = {
			isa = PBXGroup;
			children = (
				22853F882384DC6E003E8205 /* WebServices.swift */,
			);
			path = Services;
			sourceTree = "<group>";
		};
		22853F8A23850C16003E8205 /* ViewModels */ = {
			isa = PBXGroup;
			children = (
				22853F8B23850C2A003E8205 /* WeatherListViewModel.swift */,
				22853F8D23850EDA003E8205 /* TemperatureViewModel.swift */,
				22452EFE238731E000BD1BC5 /* SettingViewModel.swift */,
			);
			path = ViewModels;
			sourceTree = "<group>";
		};
		22853F8F23851A84003E8205 /* Extensions */ = {
			isa = PBXGroup;
			children = (
				22853F9023851A9E003E8205 /* Double+Extension.swift */,
			);
			path = Extensions;
			sourceTree = "<group>";
		};
/* End PBXGroup section */

/* Begin PBXNativeTarget section */
		2235C24B237F5A590008C67B /* GoodWeather_MVVM */ = {
			isa = PBXNativeTarget;
			buildConfigurationList = 2235C263237F5A5F0008C67B /* Build configuration list for PBXNativeTarget "GoodWeather_MVVM" */;
			buildPhases = (
				2235C248237F5A590008C67B /* Sources */,
				2235C249237F5A590008C67B /* Frameworks */,
				2235C24A237F5A590008C67B /* Resources */,
			);
			buildRules = (
			);
			dependencies = (
			);
			name = GoodWeather_MVVM;
			productName = GoodWeather_MVVM;
			productReference = 2235C24C237F5A590008C67B /* GoodWeather_MVVM.app */;
			productType = "com.apple.product-type.application";
		};
/* End PBXNativeTarget section */

/* Begin PBXProject section */
		2235C244237F5A590008C67B /* Project object */ = {
			isa = PBXProject;
			attributes = {
				LastSwiftUpdateCheck = 1100;
				LastUpgradeCheck = 1100;
				ORGANIZATIONNAME = "DONGGUN LEE";
				TargetAttributes = {
					2235C24B237F5A590008C67B = {
						CreatedOnToolsVersion = 11.0;
					};
				};
			};
			buildConfigurationList = 2235C247237F5A590008C67B /* Build configuration list for PBXProject "GoodWeather_MVVM" */;
			compatibilityVersion = "Xcode 9.3";
			developmentRegion = en;
			hasScannedForEncodings = 0;
			knownRegions = (
				en,
				Base,
			);
			mainGroup = 2235C243237F5A590008C67B;
			productRefGroup = 2235C24D237F5A590008C67B /* Products */;
			projectDirPath = "";
			projectRoot = "";
			targets = (
				2235C24B237F5A590008C67B /* GoodWeather_MVVM */,
			);
		};
/* End PBXProject section */

/* Begin PBXResourcesBuildPhase section */
		2235C24A237F5A590008C67B /* Resources */ = {
			isa = PBXResourcesBuildPhase;
			buildActionMask = 2147483647;
			files = (
				2235C25F237F5A5F0008C67B /* LaunchScreen.storyboard in Resources */,
				2235C25C237F5A5F0008C67B /* Assets.xcassets in Resources */,
				22452EFA23872DD800BD1BC5 /* 740-gear-toolbar.png in Resources */,
				2235C257237F5A590008C67B /* Main.storyboard in Resources */,
				22452EF823872DD800BD1BC5 /* 740-gear-toolbar@2x.png in Resources */,
				22452EF923872DD800BD1BC5 /* 740-gear-toolbar@3x.png in Resources */,
			);
			runOnlyForDeploymentPostprocessing = 0;
		};
/* End PBXResourcesBuildPhase section */

/* Begin PBXSourcesBuildPhase section */
		2235C248237F5A590008C67B /* Sources */ = {
			isa = PBXSourcesBuildPhase;
			buildActionMask = 2147483647;
			files = (
				22452EFD23872F9C00BD1BC5 /* SettingTableViewController.swift in Sources */,
				22853F8C23850C2A003E8205 /* WeatherListViewModel.swift in Sources */,
				2235C26A237F5D220008C67B /* AddCityViewController.swift in Sources */,
				22452EFF238731E000BD1BC5 /* SettingViewModel.swift in Sources */,
				2235C26D237F66490008C67B /* WeatherListTableCell.swift in Sources */,
				2235C250237F5A590008C67B /* AppDelegate.swift in Sources */,
				2235C252237F5A590008C67B /* SceneDelegate.swift in Sources */,
				22853F9123851A9E003E8205 /* Double+Extension.swift in Sources */,
				22853F862384DA31003E8205 /* ApiKey.swift in Sources */,
				2235C268237F5D120008C67B /* WeatherListTableViewController.swift in Sources */,
				22853F8E23850EDA003E8205 /* TemperatureViewModel.swift in Sources */,
				22853F892384DC6E003E8205 /* WebServices.swift in Sources */,
				2235C25A237F5A590008C67B /* GoodWeather_MVVM.xcdatamodeld in Sources */,
			);
			runOnlyForDeploymentPostprocessing = 0;
		};
/* End PBXSourcesBuildPhase section */

/* Begin PBXVariantGroup section */
		2235C255237F5A590008C67B /* Main.storyboard */ = {
			isa = PBXVariantGroup;
			children = (
				2235C256237F5A590008C67B /* Base */,
			);
			name = Main.storyboard;
			sourceTree = "<group>";
		};
		2235C25D237F5A5F0008C67B /* LaunchScreen.storyboard */ = {
			isa = PBXVariantGroup;
			children = (
				2235C25E237F5A5F0008C67B /* Base */,
			);
			name = LaunchScreen.storyboard;
			sourceTree = "<group>";
		};
/* End PBXVariantGroup section */

/* Begin XCBuildConfiguration section */
		2235C261237F5A5F0008C67B /* Debug */ = {
			isa = XCBuildConfiguration;
			buildSettings = {
				ALWAYS_SEARCH_USER_PATHS = NO;
				CLANG_ANALYZER_NONNULL = YES;
				CLANG_ANALYZER_NUMBER_OBJECT_CONVERSION = YES_AGGRESSIVE;
				CLANG_CXX_LANGUAGE_STANDARD = "gnu++14";
				CLANG_CXX_LIBRARY = "libc++";
				CLANG_ENABLE_MODULES = YES;
				CLANG_ENABLE_OBJC_ARC = YES;
				CLANG_ENABLE_OBJC_WEAK = YES;
				CLANG_WARN_BLOCK_CAPTURE_AUTORELEASING = YES;
				CLANG_WARN_BOOL_CONVERSION = YES;
				CLANG_WARN_COMMA = YES;
				CLANG_WARN_CONSTANT_CONVERSION = YES;
				CLANG_WARN_DEPRECATED_OBJC_IMPLEMENTATIONS = YES;
				CLANG_WARN_DIRECT_OBJC_ISA_USAGE = YES_ERROR;
				CLANG_WARN_DOCUMENTATION_COMMENTS = YES;
				CLANG_WARN_EMPTY_BODY = YES;
				CLANG_WARN_ENUM_CONVERSION = YES;
				CLANG_WARN_INFINITE_RECURSION = YES;
				CLANG_WARN_INT_CONVERSION = YES;
				CLANG_WARN_NON_LITERAL_NULL_CONVERSION = YES;
				CLANG_WARN_OBJC_IMPLICIT_RETAIN_SELF = YES;
				CLANG_WARN_OBJC_LITERAL_CONVERSION = YES;
				CLANG_WARN_OBJC_ROOT_CLASS = YES_ERROR;
				CLANG_WARN_RANGE_LOOP_ANALYSIS = YES;
				CLANG_WARN_STRICT_PROTOTYPES = YES;
				CLANG_WARN_SUSPICIOUS_MOVE = YES;
				CLANG_WARN_UNGUARDED_AVAILABILITY = YES_AGGRESSIVE;
				CLANG_WARN_UNREACHABLE_CODE = YES;
				CLANG_WARN__DUPLICATE_METHOD_MATCH = YES;
				COPY_PHASE_STRIP = NO;
				DEBUG_INFORMATION_FORMAT = dwarf;
				ENABLE_STRICT_OBJC_MSGSEND = YES;
				ENABLE_TESTABILITY = YES;
				GCC_C_LANGUAGE_STANDARD = gnu11;
				GCC_DYNAMIC_NO_PIC = NO;
				GCC_NO_COMMON_BLOCKS = YES;
				GCC_OPTIMIZATION_LEVEL = 0;
				GCC_PREPROCESSOR_DEFINITIONS = (
					"DEBUG=1",
					"$(inherited)",
				);
				GCC_WARN_64_TO_32_BIT_CONVERSION = YES;
				GCC_WARN_ABOUT_RETURN_TYPE = YES_ERROR;
				GCC_WARN_UNDECLARED_SELECTOR = YES;
				GCC_WARN_UNINITIALIZED_AUTOS = YES_AGGRESSIVE;
				GCC_WARN_UNUSED_FUNCTION = YES;
				GCC_WARN_UNUSED_VARIABLE = YES;
				IPHONEOS_DEPLOYMENT_TARGET = 13.0;
				MTL_ENABLE_DEBUG_INFO = INCLUDE_SOURCE;
				MTL_FAST_MATH = YES;
				ONLY_ACTIVE_ARCH = YES;
				SDKROOT = iphoneos;
				SWIFT_ACTIVE_COMPILATION_CONDITIONS = DEBUG;
				SWIFT_OPTIMIZATION_LEVEL = "-Onone";
			};
			name = Debug;
		};
		2235C262237F5A5F0008C67B /* Release */ = {
			isa = XCBuildConfiguration;
			buildSettings = {
				ALWAYS_SEARCH_USER_PATHS = NO;
				CLANG_ANALYZER_NONNULL = YES;
				CLANG_ANALYZER_NUMBER_OBJECT_CONVERSION = YES_AGGRESSIVE;
				CLANG_CXX_LANGUAGE_STANDARD = "gnu++14";
				CLANG_CXX_LIBRARY = "libc++";
				CLANG_ENABLE_MODULES = YES;
				CLANG_ENABLE_OBJC_ARC = YES;
				CLANG_ENABLE_OBJC_WEAK = YES;
				CLANG_WARN_BLOCK_CAPTURE_AUTORELEASING = YES;
				CLANG_WARN_BOOL_CONVERSION = YES;
				CLANG_WARN_COMMA = YES;
				CLANG_WARN_CONSTANT_CONVERSION = YES;
				CLANG_WARN_DEPRECATED_OBJC_IMPLEMENTATIONS = YES;
				CLANG_WARN_DIRECT_OBJC_ISA_USAGE = YES_ERROR;
				CLANG_WARN_DOCUMENTATION_COMMENTS = YES;
				CLANG_WARN_EMPTY_BODY = YES;
				CLANG_WARN_ENUM_CONVERSION = YES;
				CLANG_WARN_INFINITE_RECURSION = YES;
				CLANG_WARN_INT_CONVERSION = YES;
				CLANG_WARN_NON_LITERAL_NULL_CONVERSION = YES;
				CLANG_WARN_OBJC_IMPLICIT_RETAIN_SELF = YES;
				CLANG_WARN_OBJC_LITERAL_CONVERSION = YES;
				CLANG_WARN_OBJC_ROOT_CLASS = YES_ERROR;
				CLANG_WARN_RANGE_LOOP_ANALYSIS = YES;
				CLANG_WARN_STRICT_PROTOTYPES = YES;
				CLANG_WARN_SUSPICIOUS_MOVE = YES;
				CLANG_WARN_UNGUARDED_AVAILABILITY = YES_AGGRESSIVE;
				CLANG_WARN_UNREACHABLE_CODE = YES;
				CLANG_WARN__DUPLICATE_METHOD_MATCH = YES;
				COPY_PHASE_STRIP = NO;
				DEBUG_INFORMATION_FORMAT = "dwarf-with-dsym";
				ENABLE_NS_ASSERTIONS = NO;
				ENABLE_STRICT_OBJC_MSGSEND = YES;
				GCC_C_LANGUAGE_STANDARD = gnu11;
				GCC_NO_COMMON_BLOCKS = YES;
				GCC_WARN_64_TO_32_BIT_CONVERSION = YES;
				GCC_WARN_ABOUT_RETURN_TYPE = YES_ERROR;
				GCC_WARN_UNDECLARED_SELECTOR = YES;
				GCC_WARN_UNINITIALIZED_AUTOS = YES_AGGRESSIVE;
				GCC_WARN_UNUSED_FUNCTION = YES;
				GCC_WARN_UNUSED_VARIABLE = YES;
				IPHONEOS_DEPLOYMENT_TARGET = 13.0;
				MTL_ENABLE_DEBUG_INFO = NO;
				MTL_FAST_MATH = YES;
				SDKROOT = iphoneos;
				SWIFT_COMPILATION_MODE = wholemodule;
				SWIFT_OPTIMIZATION_LEVEL = "-O";
				VALIDATE_PRODUCT = YES;
			};
			name = Release;
		};
		2235C264237F5A5F0008C67B /* Debug */ = {
			isa = XCBuildConfiguration;
			buildSettings = {
				ASSETCATALOG_COMPILER_APPICON_NAME = AppIcon;
				CODE_SIGN_STYLE = Automatic;
				DEVELOPMENT_TEAM = DE97A6B9N7;
				INFOPLIST_FILE = GoodWeather_MVVM/Info.plist;
				LD_RUNPATH_SEARCH_PATHS = (
					"$(inherited)",
					"@executable_path/Frameworks",
				);
				PRODUCT_BUNDLE_IDENTIFIER = "LDG.GoodWeather-MVVM";
				PRODUCT_NAME = "$(TARGET_NAME)";
				SWIFT_VERSION = 5.0;
				TARGETED_DEVICE_FAMILY = "1,2";
			};
			name = Debug;
		};
		2235C265237F5A5F0008C67B /* Release */ = {
			isa = XCBuildConfiguration;
			buildSettings = {
				ASSETCATALOG_COMPILER_APPICON_NAME = AppIcon;
				CODE_SIGN_STYLE = Automatic;
				DEVELOPMENT_TEAM = DE97A6B9N7;
				INFOPLIST_FILE = GoodWeather_MVVM/Info.plist;
				LD_RUNPATH_SEARCH_PATHS = (
					"$(inherited)",
					"@executable_path/Frameworks",
				);
				PRODUCT_BUNDLE_IDENTIFIER = "LDG.GoodWeather-MVVM";
				PRODUCT_NAME = "$(TARGET_NAME)";
				SWIFT_VERSION = 5.0;
				TARGETED_DEVICE_FAMILY = "1,2";
			};
			name = Release;
		};
/* End XCBuildConfiguration section */

/* Begin XCConfigurationList section */
		2235C247237F5A590008C67B /* Build configuration list for PBXProject "GoodWeather_MVVM" */ = {
			isa = XCConfigurationList;
			buildConfigurations = (
				2235C261237F5A5F0008C67B /* Debug */,
				2235C262237F5A5F0008C67B /* Release */,
			);
			defaultConfigurationIsVisible = 0;
			defaultConfigurationName = Release;
		};
		2235C263237F5A5F0008C67B /* Build configuration list for PBXNativeTarget "GoodWeather_MVVM" */ = {
			isa = XCConfigurationList;
			buildConfigurations = (
				2235C264237F5A5F0008C67B /* Debug */,
				2235C265237F5A5F0008C67B /* Release */,
			);
			defaultConfigurationIsVisible = 0;
			defaultConfigurationName = Release;
		};
/* End XCConfigurationList section */

/* Begin XCVersionGroup section */
		2235C258237F5A590008C67B /* GoodWeather_MVVM.xcdatamodeld */ = {
			isa = XCVersionGroup;
			children = (
				2235C259237F5A590008C67B /* GoodWeather_MVVM.xcdatamodel */,
			);
			currentVersion = 2235C259237F5A590008C67B /* GoodWeather_MVVM.xcdatamodel */;
			path = GoodWeather_MVVM.xcdatamodeld;
			sourceTree = "<group>";
			versionGroupType = wrapper.xcdatamodel;
		};
/* End XCVersionGroup section */
	};
	rootObject = 2235C244237F5A590008C67B /* Project object */;
}
